
Microsoft Visual Studio Solution File, Format Version 12.00
# Visual Studio 15
Project("{FAE04EC0-301F-11D3-BF4B-00C04F79EFBC}") = "LeetCode-Sum", "LeetCode-Sum\LeetCode-Sum.csproj", "{2B2C032A-E88E-4BBC-A022-544BC6DBD776}"
EndProject
Project("{FAE04EC0-301F-11D3-BF4B-00C04F79EFBC}") = "LeetCode-AddTwoNumbers", "LeetCode-AddTwoNumbers\LeetCode-AddTwoNumbers.csproj", "{F1F93346-BC97-4A6C-A28B-C0868BEAC16D}"
EndProject
Project("{FAE04EC0-301F-11D3-BF4B-00C04F79EFBC}") = "LeedCode-LongestSubstring", "LeedCode-LongestSubstring\LeedCode-LongestSubstring.csproj", "{E2861352-2EC9-4AEB-BFB9-67E760B30149}"
EndProject
Project("{FAE04EC0-301F-11D3-BF4B-00C04F79EFBC}") = "LeetCode-ReverseInteger", "LeetCode-ReverseInteger\LeetCode-ReverseInteger.csproj", "{2C023C8E-FA0F-47C4-A13F-03CAC2750F4F}"
EndProject
Project("{FAE04EC0-301F-11D3-BF4B-00C04F79EFBC}") = "Leetcode-Test", "Leetcode-Test\Leetcode-Test.csproj", "{20E7E1A2-A8C0-4533-8B6C-7C57EDB6894C}"
EndProject
Project("{FAE04EC0-301F-11D3-BF4B-00C04F79EFBC}") = "LeetCode-CircularQueue", "LeetCode-CircularQueue\LeetCode-CircularQueue.csproj", "{EB123848-0160-4F50-A67F-09A77266307D}"
EndProject
Project("{FAE04EC0-301F-11D3-BF4B-00C04F79EFBC}") = "ExploreTwitterAPI", "ExploreTwitterAPI\ExploreTwitterAPI.csproj", "{BF06850A-3C2F-44EB-AD2D-CA5EB8229CF9}"
EndProject
Project("{FAE04EC0-301F-11D3-BF4B-00C04F79EFBC}") = "SimpleThinker", "CommonCode\SimpleThinker.csproj", "{8AFF3190-F28C-463C-AC90-08579BFF5358}"
EndProject
Project("{2150E333-8FDC-42A3-9474-1A3956D46DE8}") = "Solution Items", "Solution Items", "{6F0E4614-9EB3-4D87-B233-79AD76F91572}"
	ProjectSection(SolutionItems) = preProject
		README.md = README.md
	EndProjectSection
EndProject
Global
	GlobalSection(SolutionConfigurationPlatforms) = preSolution
		Debug|Any CPU = Debug|Any CPU
		Release|Any CPU = Release|Any CPU
	EndGlobalSection
	GlobalSection(ProjectConfigurationPlatforms) = postSolution
		{2B2C032A-E88E-4BBC-A022-544BC6DBD776}.Debug|Any CPU.ActiveCfg = Debug|Any CPU
		{2B2C032A-E88E-4BBC-A022-544BC6DBD776}.Debug|Any CPU.Build.0 = Debug|Any CPU
		{2B2C032A-E88E-4BBC-A022-544BC6DBD776}.Release|Any CPU.ActiveCfg = Release|Any CPU
		{2B2C032A-E88E-4BBC-A022-544BC6DBD776}.Release|Any CPU.Build.0 = Release|Any CPU
		{F1F93346-BC97-4A6C-A28B-C0868BEAC16D}.Debug|Any CPU.ActiveCfg = Debug|Any CPU
		{F1F93346-BC97-4A6C-A28B-C0868BEAC16D}.Debug|Any CPU.Build.0 = Debug|Any CPU
		{F1F93346-BC97-4A6C-A28B-C0868BEAC16D}.Release|Any CPU.ActiveCfg = Release|Any CPU
		{F1F93346-BC97-4A6C-A28B-C0868BEAC16D}.Release|Any CPU.Build.0 = Release|Any CPU
		{E2861352-2EC9-4AEB-BFB9-67E760B30149}.Debug|Any CPU.ActiveCfg = Debug|Any CPU
		{E2861352-2EC9-4AEB-BFB9-67E760B30149}.Debug|Any CPU.Build.0 = Debug|Any CPU
		{E2861352-2EC9-4AEB-BFB9-67E760B30149}.Release|Any CPU.ActiveCfg = Release|Any CPU
		{E2861352-2EC9-4AEB-BFB9-67E760B30149}.Release|Any CPU.Build.0 = Release|Any CPU
		{2C023C8E-FA0F-47C4-A13F-03CAC2750F4F}.Debug|Any CPU.ActiveCfg = Debug|Any CPU
		{2C023C8E-FA0F-47C4-A13F-03CAC2750F4F}.Debug|Any CPU.Build.0 = Debug|Any CPU
		{2C023C8E-FA0F-47C4-A13F-03CAC2750F4F}.Release|Any CPU.ActiveCfg = Release|Any CPU
		{2C023C8E-FA0F-47C4-A13F-03CAC2750F4F}.Release|Any CPU.Build.0 = Release|Any CPU
		{20E7E1A2-A8C0-4533-8B6C-7C57EDB6894C}.Debug|Any CPU.ActiveCfg = Debug|Any CPU
		{20E7E1A2-A8C0-4533-8B6C-7C57EDB6894C}.Debug|Any CPU.Build.0 = Debug|Any CPU
		{20E7E1A2-A8C0-4533-8B6C-7C57EDB6894C}.Release|Any CPU.ActiveCfg = Release|Any CPU
		{20E7E1A2-A8C0-4533-8B6C-7C57EDB6894C}.Release|Any CPU.Build.0 = Release|Any CPU
		{EB123848-0160-4F50-A67F-09A77266307D}.Debug|Any CPU.ActiveCfg = Debug|Any CPU
		{EB123848-0160-4F50-A67F-09A77266307D}.Debug|Any CPU.Build.0 = Debug|Any CPU
		{EB123848-0160-4F50-A67F-09A77266307D}.Release|Any CPU.ActiveCfg = Release|Any CPU
		{EB123848-0160-4F50-A67F-09A77266307D}.Release|Any CPU.Build.0 = Release|Any CPU
		{BF06850A-3C2F-44EB-AD2D-CA5EB8229CF9}.Debug|Any CPU.ActiveCfg = Debug|Any CPU
		{BF06850A-3C2F-44EB-AD2D-CA5EB8229CF9}.Debug|Any CPU.Build.0 = Debug|Any CPU
		{BF06850A-3C2F-44EB-AD2D-CA5EB8229CF9}.Release|Any CPU.ActiveCfg = Release|Any CPU
		{BF06850A-3C2F-44EB-AD2D-CA5EB8229CF9}.Release|Any CPU.Build.0 = Release|Any CPU
		{8AFF3190-F28C-463C-AC90-08579BFF5358}.Debug|Any CPU.ActiveCfg = Debug|Any CPU
		{8AFF3190-F28C-463C-AC90-08579BFF5358}.Debug|Any CPU.Build.0 = Debug|Any CPU
		{8AFF3190-F28C-463C-AC90-08579BFF5358}.Release|Any CPU.ActiveCfg = Release|Any CPU
		{8AFF3190-F28C-463C-AC90-08579BFF5358}.Release|Any CPU.Build.0 = Release|Any CPU
	EndGlobalSection
EndGlobal
